// !$*UTF8*$!
{
	archiveVersion = 1;
	classes = {
	};
	objectVersion = 50;
	objects = {

/* Begin PBXBuildFile section */
		221C024F2087D862003418FB /* AppDelegate.swift in Sources */ = {isa = PBXBuildFile; fileRef = 221C024E2087D862003418FB /* AppDelegate.swift */; };
		221C02542087D862003418FB /* Main.storyboard in Resources */ = {isa = PBXBuildFile; fileRef = 221C02522087D862003418FB /* Main.storyboard */; };
		221C02562087D863003418FB /* Assets.xcassets in Resources */ = {isa = PBXBuildFile; fileRef = 221C02552087D863003418FB /* Assets.xcassets */; };
		221C02592087D863003418FB /* LaunchScreen.storyboard in Resources */ = {isa = PBXBuildFile; fileRef = 221C02572087D863003418FB /* LaunchScreen.storyboard */; };
		2264E574209261310040D672 /* NotesByDayViewController.swift in Sources */ = {isa = PBXBuildFile; fileRef = 2264E573209261310040D672 /* NotesByDayViewController.swift */; };
		2264E5782094400D0040D672 /* NoteDetailViewController.swift in Sources */ = {isa = PBXBuildFile; fileRef = 2264E5772094400D0040D672 /* NoteDetailViewController.swift */; };
		22BB713220910AAC004018A9 /* Trip.swift in Sources */ = {isa = PBXBuildFile; fileRef = 22BB713120910AAC004018A9 /* Trip.swift */; };
		22BB713420910E2A004018A9 /* SampleData.swift in Sources */ = {isa = PBXBuildFile; fileRef = 22BB713320910E2A004018A9 /* SampleData.swift */; };
		22BB713620910E95004018A9 /* TripsViewController.swift in Sources */ = {isa = PBXBuildFile; fileRef = 22BB713520910E95004018A9 /* TripsViewController.swift */; };
		22BB713820911BCB004018A9 /* TripCell.swift in Sources */ = {isa = PBXBuildFile; fileRef = 22BB713720911BCB004018A9 /* TripCell.swift */; };
		22BB713A209130A9004018A9 /* TripDetailsViewController.swift in Sources */ = {isa = PBXBuildFile; fileRef = 22BB7139209130A9004018A9 /* TripDetailsViewController.swift */; };
/* End PBXBuildFile section */

/* Begin PBXFileReference section */
		221C024B2087D862003418FB /* smartTrip.app */ = {isa = PBXFileReference; explicitFileType = wrapper.application; includeInIndex = 0; path = smartTrip.app; sourceTree = BUILT_PRODUCTS_DIR; };
		221C024E2087D862003418FB /* AppDelegate.swift */ = {isa = PBXFileReference; lastKnownFileType = sourcecode.swift; path = AppDelegate.swift; sourceTree = "<group>"; };
		221C02532087D862003418FB /* Base */ = {isa = PBXFileReference; lastKnownFileType = file.storyboard; name = Base; path = Base.lproj/Main.storyboard; sourceTree = "<group>"; };
		221C02552087D863003418FB /* Assets.xcassets */ = {isa = PBXFileReference; lastKnownFileType = folder.assetcatalog; path = Assets.xcassets; sourceTree = "<group>"; };
		221C02582087D863003418FB /* Base */ = {isa = PBXFileReference; lastKnownFileType = file.storyboard; name = Base; path = Base.lproj/LaunchScreen.storyboard; sourceTree = "<group>"; };
		221C025A2087D864003418FB /* Info.plist */ = {isa = PBXFileReference; lastKnownFileType = text.plist.xml; path = Info.plist; sourceTree = "<group>"; };
		2264E573209261310040D672 /* NotesByDayViewController.swift */ = {isa = PBXFileReference; lastKnownFileType = sourcecode.swift; path = NotesByDayViewController.swift; sourceTree = "<group>"; };
		2264E5772094400D0040D672 /* NoteDetailViewController.swift */ = {isa = PBXFileReference; lastKnownFileType = sourcecode.swift; path = NoteDetailViewController.swift; sourceTree = "<group>"; };
		22BB713120910AAC004018A9 /* Trip.swift */ = {isa = PBXFileReference; lastKnownFileType = sourcecode.swift; path = Trip.swift; sourceTree = "<group>"; };
		22BB713320910E2A004018A9 /* SampleData.swift */ = {isa = PBXFileReference; lastKnownFileType = sourcecode.swift; path = SampleData.swift; sourceTree = "<group>"; };
		22BB713520910E95004018A9 /* TripsViewController.swift */ = {isa = PBXFileReference; lastKnownFileType = sourcecode.swift; path = TripsViewController.swift; sourceTree = "<group>"; };
		22BB713720911BCB004018A9 /* TripCell.swift */ = {isa = PBXFileReference; lastKnownFileType = sourcecode.swift; path = TripCell.swift; sourceTree = "<group>"; };
		22BB7139209130A9004018A9 /* TripDetailsViewController.swift */ = {isa = PBXFileReference; lastKnownFileType = sourcecode.swift; path = TripDetailsViewController.swift; sourceTree = "<group>"; };
/* End PBXFileReference section */

/* Begin PBXFrameworksBuildPhase section */
		221C02482087D862003418FB /* Frameworks */ = {
			isa = PBXFrameworksBuildPhase;
			buildActionMask = 2147483647;
			files = (
			);
			runOnlyForDeploymentPostprocessing = 0;
		};
/* End PBXFrameworksBuildPhase section */

/* Begin PBXGroup section */
		221C02422087D862003418FB = {
			isa = PBXGroup;
			children = (
				221C024D2087D862003418FB /* smartTrip */,
				221C024C2087D862003418FB /* Products */,
			);
			sourceTree = "<group>";
		};
		221C024C2087D862003418FB /* Products */ = {
			isa = PBXGroup;
			children = (
				221C024B2087D862003418FB /* smartTrip.app */,
			);
			name = Products;
			sourceTree = "<group>";
		};
		221C024D2087D862003418FB /* smartTrip */ = {
			isa = PBXGroup;
			children = (
				221C024E2087D862003418FB /* AppDelegate.swift */,
				221C02522087D862003418FB /* Main.storyboard */,
				2264E5772094400D0040D672 /* NoteDetailViewController.swift */,
				2264E573209261310040D672 /* NotesByDayViewController.swift */,
				22BB7139209130A9004018A9 /* TripDetailsViewController.swift */,
				22BB713520910E95004018A9 /* TripsViewController.swift */,
				22BB713720911BCB004018A9 /* TripCell.swift */,
				22BB713120910AAC004018A9 /* Trip.swift */,
				22BB713320910E2A004018A9 /* SampleData.swift */,
				221C02552087D863003418FB /* Assets.xcassets */,
				221C02572087D863003418FB /* LaunchScreen.storyboard */,
				221C025A2087D864003418FB /* Info.plist */,
			);
			path = smartTrip;
			sourceTree = "<group>";
		};
/* End PBXGroup section */

/* Begin PBXNativeTarget section */
		221C024A2087D862003418FB /* smartTrip */ = {
			isa = PBXNativeTarget;
			buildConfigurationList = 221C025D2087D864003418FB /* Build configuration list for PBXNativeTarget "smartTrip" */;
			buildPhases = (
				221C02472087D862003418FB /* Sources */,
				221C02482087D862003418FB /* Frameworks */,
				221C02492087D862003418FB /* Resources */,
			);
			buildRules = (
			);
			dependencies = (
			);
			name = smartTrip;
			productName = smartTrip;
			productReference = 221C024B2087D862003418FB /* smartTrip.app */;
			productType = "com.apple.product-type.application";
		};
/* End PBXNativeTarget section */

/* Begin PBXProject section */
		221C02432087D862003418FB /* Project object */ = {
			isa = PBXProject;
			attributes = {
				LastSwiftUpdateCheck = 0930;
				LastUpgradeCheck = 0930;
				ORGANIZATIONNAME = "Sharry Tong";
				TargetAttributes = {
					221C024A2087D862003418FB = {
						CreatedOnToolsVersion = 9.3;
					};
				};
			};
			buildConfigurationList = 221C02462087D862003418FB /* Build configuration list for PBXProject "smartTrip" */;
			compatibilityVersion = "Xcode 9.3";
			developmentRegion = en;
			hasScannedForEncodings = 0;
			knownRegions = (
				en,
				Base,
			);
			mainGroup = 221C02422087D862003418FB;
			productRefGroup = 221C024C2087D862003418FB /* Products */;
			projectDirPath = "";
			projectRoot = "";
			targets = (
				221C024A2087D862003418FB /* smartTrip */,
			);
		};
/* End PBXProject section */

/* Begin PBXResourcesBuildPhase section */
		221C02492087D862003418FB /* Resources */ = {
			isa = PBXResourcesBuildPhase;
			buildActionMask = 2147483647;
			files = (
				221C02592087D863003418FB /* LaunchScreen.storyboard in Resources */,
				221C02562087D863003418FB /* Assets.xcassets in Resources */,
				221C02542087D862003418FB /* Main.storyboard in Resources */,
			);
			runOnlyForDeploymentPostprocessing = 0;
		};
/* End PBXResourcesBuildPhase section */

/* Begin PBXSourcesBuildPhase section */
		221C02472087D862003418FB /* Sources */ = {
			isa = PBXSourcesBuildPhase;
			buildActionMask = 2147483647;
			files = (
				2264E574209261310040D672 /* NotesByDayViewController.swift in Sources */,
				2264E5782094400D0040D672 /* NoteDetailViewController.swift in Sources */,
				221C024F2087D862003418FB /* AppDelegate.swift in Sources */,
				22BB713220910AAC004018A9 /* Trip.swift in Sources */,
				22BB713A209130A9004018A9 /* TripDetailsViewController.swift in Sources */,
				22BB713420910E2A004018A9 /* SampleData.swift in Sources */,
				22BB713820911BCB004018A9 /* TripCell.swift in Sources */,
				22BB713620910E95004018A9 /* TripsViewController.swift in Sources */,
			);
			runOnlyForDeploymentPostprocessing = 0;
		};
/* End PBXSourcesBuildPhase section */

/* Begin PBXVariantGroup section */
		221C02522087D862003418FB /* Main.storyboard */ = {
			isa = PBXVariantGroup;
			children = (
				221C02532087D862003418FB /* Base */,
			);
			name = Main.storyboard;
			sourceTree = "<group>";
		};
		221C02572087D863003418FB /* LaunchScreen.storyboard */ = {
			isa = PBXVariantGroup;
			children = (
				221C02582087D863003418FB /* Base */,
			);
			name = LaunchScreen.storyboard;
			sourceTree = "<group>";
		};
/* End PBXVariantGroup section */

/* Begin XCBuildConfiguration section */
		221C025B2087D864003418FB /* Debug */ = {
			isa = XCBuildConfiguration;
			buildSettings = {
				ALWAYS_SEARCH_USER_PATHS = NO;
				CLANG_ANALYZER_NONNULL = YES;
				CLANG_ANALYZER_NUMBER_OBJECT_CONVERSION = YES_AGGRESSIVE;
				CLANG_CXX_LANGUAGE_STANDARD = "gnu++14";
				CLANG_CXX_LIBRARY = "libc++";
				CLANG_ENABLE_MODULES = YES;
				CLANG_ENABLE_OBJC_ARC = YES;
				CLANG_ENABLE_OBJC_WEAK = YES;
				CLANG_WARN_BLOCK_CAPTURE_AUTORELEASING = YES;
				CLANG_WARN_BOOL_CONVERSION = YES;
				CLANG_WARN_COMMA = YES;
				CLANG_WARN_CONSTANT_CONVERSION = YES;
				CLANG_WARN_DEPRECATED_OBJC_IMPLEMENTATIONS = YES;
				CLANG_WARN_DIRECT_OBJC_ISA_USAGE = YES_ERROR;
				CLANG_WARN_DOCUMENTATION_COMMENTS = YES;
				CLANG_WARN_EMPTY_BODY = YES;
				CLANG_WARN_ENUM_CONVERSION = YES;
				CLANG_WARN_INFINITE_RECURSION = YES;
				CLANG_WARN_INT_CONVERSION = YES;
				CLANG_WARN_NON_LITERAL_NULL_CONVERSION = YES;
				CLANG_WARN_OBJC_IMPLICIT_RETAIN_SELF = YES;
				CLANG_WARN_OBJC_LITERAL_CONVERSION = YES;
				CLANG_WARN_OBJC_ROOT_CLASS = YES_ERROR;
				CLANG_WARN_RANGE_LOOP_ANALYSIS = YES;
				CLANG_WARN_STRICT_PROTOTYPES = YES;
				CLANG_WARN_SUSPICIOUS_MOVE = YES;
				CLANG_WARN_UNGUARDED_AVAILABILITY = YES_AGGRESSIVE;
				CLANG_WARN_UNREACHABLE_CODE = YES;
				CLANG_WARN__DUPLICATE_METHOD_MATCH = YES;
				CODE_SIGN_IDENTITY = "iPhone Developer";
				COPY_PHASE_STRIP = NO;
				DEBUG_INFORMATION_FORMAT = dwarf;
				ENABLE_STRICT_OBJC_MSGSEND = YES;
				ENABLE_TESTABILITY = YES;
				GCC_C_LANGUAGE_STANDARD = gnu11;
				GCC_DYNAMIC_NO_PIC = NO;
				GCC_NO_COMMON_BLOCKS = YES;
				GCC_OPTIMIZATION_LEVEL = 0;
				GCC_PREPROCESSOR_DEFINITIONS = (
					"DEBUG=1",
					"$(inherited)",
				);
				GCC_WARN_64_TO_32_BIT_CONVERSION = YES;
				GCC_WARN_ABOUT_RETURN_TYPE = YES_ERROR;
				GCC_WARN_UNDECLARED_SELECTOR = YES;
				GCC_WARN_UNINITIALIZED_AUTOS = YES_AGGRESSIVE;
				GCC_WARN_UNUSED_FUNCTION = YES;
				GCC_WARN_UNUSED_VARIABLE = YES;
				IPHONEOS_DEPLOYMENT_TARGET = 11.3;
				MTL_ENABLE_DEBUG_INFO = YES;
				ONLY_ACTIVE_ARCH = YES;
				SDKROOT = iphoneos;
				SWIFT_ACTIVE_COMPILATION_CONDITIONS = DEBUG;
				SWIFT_OPTIMIZATION_LEVEL = "-Onone";
			};
			name = Debug;
		};
		221C025C2087D864003418FB /* Release */ = {
			isa = XCBuildConfiguration;
			buildSettings = {
				ALWAYS_SEARCH_USER_PATHS = NO;
				CLANG_ANALYZER_NONNULL = YES;
				CLANG_ANALYZER_NUMBER_OBJECT_CONVERSION = YES_AGGRESSIVE;
				CLANG_CXX_LANGUAGE_STANDARD = "gnu++14";
				CLANG_CXX_LIBRARY = "libc++";
				CLANG_ENABLE_MODULES = YES;
				CLANG_ENABLE_OBJC_ARC = YES;
				CLANG_ENABLE_OBJC_WEAK = YES;
				CLANG_WARN_BLOCK_CAPTURE_AUTORELEASING = YES;
				CLANG_WARN_BOOL_CONVERSION = YES;
				CLANG_WARN_COMMA = YES;
				CLANG_WARN_CONSTANT_CONVERSION = YES;
				CLANG_WARN_DEPRECATED_OBJC_IMPLEMENTATIONS = YES;
				CLANG_WARN_DIRECT_OBJC_ISA_USAGE = YES_ERROR;
				CLANG_WARN_DOCUMENTATION_COMMENTS = YES;
				CLANG_WARN_EMPTY_BODY = YES;
				CLANG_WARN_ENUM_CONVERSION = YES;
				CLANG_WARN_INFINITE_RECURSION = YES;
				CLANG_WARN_INT_CONVERSION = YES;
				CLANG_WARN_NON_LITERAL_NULL_CONVERSION = YES;
				CLANG_WARN_OBJC_IMPLICIT_RETAIN_SELF = YES;
				CLANG_WARN_OBJC_LITERAL_CONVERSION = YES;
				CLANG_WARN_OBJC_ROOT_CLASS = YES_ERROR;
				CLANG_WARN_RANGE_LOOP_ANALYSIS = YES;
				CLANG_WARN_STRICT_PROTOTYPES = YES;
				CLANG_WARN_SUSPICIOUS_MOVE = YES;
				CLANG_WARN_UNGUARDED_AVAILABILITY = YES_AGGRESSIVE;
				CLANG_WARN_UNREACHABLE_CODE = YES;
				CLANG_WARN__DUPLICATE_METHOD_MATCH = YES;
				CODE_SIGN_IDENTITY = "iPhone Developer";
				COPY_PHASE_STRIP = NO;
				DEBUG_INFORMATION_FORMAT = "dwarf-with-dsym";
				ENABLE_NS_ASSERTIONS = NO;
				ENABLE_STRICT_OBJC_MSGSEND = YES;
				GCC_C_LANGUAGE_STANDARD = gnu11;
				GCC_NO_COMMON_BLOCKS = YES;
				GCC_WARN_64_TO_32_BIT_CONVERSION = YES;
				GCC_WARN_ABOUT_RETURN_TYPE = YES_ERROR;
				GCC_WARN_UNDECLARED_SELECTOR = YES;
				GCC_WARN_UNINITIALIZED_AUTOS = YES_AGGRESSIVE;
				GCC_WARN_UNUSED_FUNCTION = YES;
				GCC_WARN_UNUSED_VARIABLE = YES;
				IPHONEOS_DEPLOYMENT_TARGET = 11.3;
				MTL_ENABLE_DEBUG_INFO = NO;
				SDKROOT = iphoneos;
				SWIFT_COMPILATION_MODE = wholemodule;
				SWIFT_OPTIMIZATION_LEVEL = "-O";
				VALIDATE_PRODUCT = YES;
			};
			name = Release;
		};
		221C025E2087D864003418FB /* Debug */ = {
			isa = XCBuildConfiguration;
			buildSettings = {
				ASSETCATALOG_COMPILER_APPICON_NAME = AppIcon;
				CODE_SIGN_STYLE = Automatic;
				DEVELOPMENT_TEAM = RH942TBXK3;
				INFOPLIST_FILE = smartTrip/Info.plist;
				LD_RUNPATH_SEARCH_PATHS = (
					"$(inherited)",
					"@executable_path/Frameworks",
				);
				PRODUCT_BUNDLE_IDENTIFIER = sharrytong.smartTrip;
				PRODUCT_NAME = "$(TARGET_NAME)";
				SWIFT_VERSION = 4.0;
				TARGETED_DEVICE_FAMILY = "1,2";
			};
			name = Debug;
		};
		221C025F2087D864003418FB /* Release */ = {
			isa = XCBuildConfiguration;
			buildSettings = {
				ASSETCATALOG_COMPILER_APPICON_NAME = AppIcon;
				CODE_SIGN_STYLE = Automatic;
				DEVELOPMENT_TEAM = RH942TBXK3;
				INFOPLIST_FILE = smartTrip/Info.plist;
				LD_RUNPATH_SEARCH_PATHS = (
					"$(inherited)",
					"@executable_path/Frameworks",
				);
				PRODUCT_BUNDLE_IDENTIFIER = sharrytong.smartTrip;
				PRODUCT_NAME = "$(TARGET_NAME)";
				SWIFT_VERSION = 4.0;
				TARGETED_DEVICE_FAMILY = "1,2";
			};
			name = Release;
		};
/* End XCBuildConfiguration section */

/* Begin XCConfigurationList section */
		221C02462087D862003418FB /* Build configuration list for PBXProject "smartTrip" */ = {
			isa = XCConfigurationList;
			buildConfigurations = (
				221C025B2087D864003418FB /* Debug */,
				221C025C2087D864003418FB /* Release */,
			);
			defaultConfigurationIsVisible = 0;
			defaultConfigurationName = Release;
		};
		221C025D2087D864003418FB /* Build configuration list for PBXNativeTarget "smartTrip" */ = {
			isa = XCConfigurationList;
			buildConfigurations = (
				221C025E2087D864003418FB /* Debug */,
				221C025F2087D864003418FB /* Release */,
			);
			defaultConfigurationIsVisible = 0;
			defaultConfigurationName = Release;
		};
/* End XCConfigurationList section */
	};
	rootObject = 221C02432087D862003418FB /* Project object */;
}
